
Microsoft Visual Studio Solution File, Format Version 12.00
Project("{FAE04EC0-301F-11D3-BF4B-00C04F79EFBC}") = "RichWebApi.Application", "RichWebApi.Application\RichWebApi.Application.csproj", "{ACDF4937-17B4-47F5-9CC1-3F9F974501EB}"
EndProject
Project("{FAE04EC0-301F-11D3-BF4B-00C04F79EFBC}") = "RichWebApi.Core", "RichWebApi.Core\RichWebApi.Core.csproj", "{9A761A1C-11B0-4FCD-B951-3D9EA60551D4}"
EndProject
Project("{2150E333-8FDC-42A3-9474-1A3956D46DE8}") = "Dependencies", "Dependencies", "{E7D89A8D-9835-4A6D-BA2C-97C75CAB1893}"
EndProject
Project("{FAE04EC0-301F-11D3-BF4B-00C04F79EFBC}") = "RichWebApi.Dependencies.Database", "RichWebApi.Dependencies.Database\RichWebApi.Dependencies.Database.csproj", "{30C0B70C-6CA9-4662-BA51-6874C4B5EB09}"
EndProject
Global
	GlobalSection(SolutionConfigurationPlatforms) = preSolution
		Debug|Any CPU = Debug|Any CPU
		Release|Any CPU = Release|Any CPU
	EndGlobalSection
	GlobalSection(ProjectConfigurationPlatforms) = postSolution
		{ACDF4937-17B4-47F5-9CC1-3F9F974501EB}.Debug|Any CPU.ActiveCfg = Debug|Any CPU
		{ACDF4937-17B4-47F5-9CC1-3F9F974501EB}.Debug|Any CPU.Build.0 = Debug|Any CPU
		{ACDF4937-17B4-47F5-9CC1-3F9F974501EB}.Release|Any CPU.ActiveCfg = Release|Any CPU
		{ACDF4937-17B4-47F5-9CC1-3F9F974501EB}.Release|Any CPU.Build.0 = Release|Any CPU
		{9A761A1C-11B0-4FCD-B951-3D9EA60551D4}.Debug|Any CPU.ActiveCfg = Debug|Any CPU
		{9A761A1C-11B0-4FCD-B951-3D9EA60551D4}.Debug|Any CPU.Build.0 = Debug|Any CPU
		{9A761A1C-11B0-4FCD-B951-3D9EA60551D4}.Release|Any CPU.ActiveCfg = Release|Any CPU
		{9A761A1C-11B0-4FCD-B951-3D9EA60551D4}.Release|Any CPU.Build.0 = Release|Any CPU
		{30C0B70C-6CA9-4662-BA51-6874C4B5EB09}.Debug|Any CPU.ActiveCfg = Debug|Any CPU
		{30C0B70C-6CA9-4662-BA51-6874C4B5EB09}.Debug|Any CPU.Build.0 = Debug|Any CPU
		{30C0B70C-6CA9-4662-BA51-6874C4B5EB09}.Release|Any CPU.ActiveCfg = Release|Any CPU
		{30C0B70C-6CA9-4662-BA51-6874C4B5EB09}.Release|Any CPU.Build.0 = Release|Any CPU
	EndGlobalSection
	GlobalSection(NestedProjects) = preSolution
		{30C0B70C-6CA9-4662-BA51-6874C4B5EB09} = {E7D89A8D-9835-4A6D-BA2C-97C75CAB1893}
	EndGlobalSection
EndGlobal
